
Microsoft Visual Studio Solution File, Format Version 12.00
# Visual Studio Version 16
VisualStudioVersion = 16.0.30621.155
MinimumVisualStudioVersion = 10.0.40219.1
Project("{FAE04EC0-301F-11D3-BF4B-00C04F79EFBC}") = "IPT.ASN2.Server", "IPT.ASN2.Server\IPT.ASN2.Server.csproj", "{24EC879A-AC85-4594-8259-D21670000334}"
EndProject
Global
	GlobalSection(SolutionConfigurationPlatforms) = preSolution
		Debug|Any CPU = Debug|Any CPU
		Release|Any CPU = Release|Any CPU
	EndGlobalSection
	GlobalSection(ProjectConfigurationPlatforms) = postSolution
		{24EC879A-AC85-4594-8259-D21670000334}.Debug|Any CPU.ActiveCfg = Debug|Any CPU
		{24EC879A-AC85-4594-8259-D21670000334}.Debug|Any CPU.Build.0 = Debug|Any CPU
		{24EC879A-AC85-4594-8259-D21670000334}.Release|Any CPU.ActiveCfg = Release|Any CPU
		{24EC879A-AC85-4594-8259-D21670000334}.Release|Any CPU.Build.0 = Release|Any CPU
	EndGlobalSection
	GlobalSection(SolutionProperties) = preSolution
		HideSolutionNode = FALSE
	EndGlobalSection
	GlobalSection(ExtensibilityGlobals) = postSolution
		SolutionGuid = {013E32AD-A155-4ACB-8C4E-C38E5D8A790B}
	EndGlobalSection
EndGlobal
